# generated by rye
# use `rye lock` or `rye sync` to update this lockfile
#
# last locked with the following flags:
#   pre: false
#   features: []
#   all-features: false
#   with-sources: false

-e file:.
click==8.1.7
    # via typer
grpcio==1.62.1
    # via grpcio-tools
grpcio-tools==1.62.1
protobuf==4.25.3
    # via grpcio-tools
ruff==0.3.4
typer==0.10.0
    # via zeebe-gateway-client
typing-extensions==4.10.0
    # via typer
setuptools==69.2.0
    # via grpcio-tools
