# generated by rye
# use `rye lock` or `rye sync` to update this lockfile
#
# last locked with the following flags:
#   pre: false
#   features: []
#   all-features: false
#   with-sources: false

-e file:.
click==8.1.7
    # via typer
typer==0.10.0
    # via zeebe-gateway-client
typing-extensions==4.10.0
    # via typer
